Microsoft Visual Studio Solution File, Format Version 12.00
# Visual Studio Version 17
VisualStudioVersion = 17.5.2.0
MinimumVisualStudioVersion = 10.0.40219.1
Project("{FAE04EC0-301F-11D3-BF4B-00C04F79EFBC}") = "ExamenUnidad1", "ExamenUnidad1.csproj", "{0E7E9E79-19B5-DE48-9DDC-245F83134F2A}"
EndProject
Global
	GlobalSection(SolutionConfigurationPlatforms) = preSolution
		Debug|Any CPU = Debug|Any CPU
		Release|Any CPU = Release|Any CPU
	EndGlobalSection
	GlobalSection(ProjectConfigurationPlatforms) = postSolution
		{0E7E9E79-19B5-DE48-9DDC-245F83134F2A}.Debug|Any CPU.ActiveCfg = Debug|Any CPU
		{0E7E9E79-19B5-DE48-9DDC-245F83134F2A}.Debug|Any CPU.Build.0 = Debug|Any CPU
		{0E7E9E79-19B5-DE48-9DDC-245F83134F2A}.Release|Any CPU.ActiveCfg = Release|Any CPU
		{0E7E9E79-19B5-DE48-9DDC-245F83134F2A}.Release|Any CPU.Build.0 = Release|Any CPU
	EndGlobalSection
	GlobalSection(SolutionProperties) = preSolution
		HideSolutionNode = FALSE
	EndGlobalSection
	GlobalSection(ExtensibilityGlobals) = postSolution
		SolutionGuid = {E3B8263D-ADC9-4A5C-8349-D9288363BB67}
	EndGlobalSection
EndGlobal
